// !$*UTF8*$!
{
	archiveVersion = 1;
	classes = {
	};
	objectVersion = 55;
	objects = {

/* Begin PBXBuildFile section */
		ABB0FA1B81BBAB0E9C2A8B4E /* Pods_NomadCloneApp.framework in Frameworks */ = {isa = PBXBuildFile; fileRef = C4936FDD30835BD078D66027 /* Pods_NomadCloneApp.framework */; };
		B131D39927682ADF00C1349E /* SignInViewModel.swift in Sources */ = {isa = PBXBuildFile; fileRef = B131D39827682ADF00C1349E /* SignInViewModel.swift */; };
		B1360E79276ACD2B009E6242 /* OnboardingSplashView.swift in Sources */ = {isa = PBXBuildFile; fileRef = B1360E78276ACD2B009E6242 /* OnboardingSplashView.swift */; };
		B1360E7B276AD39E009E6242 /* OnboardingModel.swift in Sources */ = {isa = PBXBuildFile; fileRef = B1360E7A276AD39E009E6242 /* OnboardingModel.swift */; };
		B1360E7D276AD3B2009E6242 /* OnboardingViewModel.swift in Sources */ = {isa = PBXBuildFile; fileRef = B1360E7C276AD3B2009E6242 /* OnboardingViewModel.swift */; };
		B169D2CD276979F200393CFD /* OnboardingViewController.swift in Sources */ = {isa = PBXBuildFile; fileRef = B169D2CC276979F200393CFD /* OnboardingViewController.swift */; };
		B169D2CF2769805400393CFD /* NMDPrimaryButton.swift in Sources */ = {isa = PBXBuildFile; fileRef = B169D2CE2769805400393CFD /* NMDPrimaryButton.swift */; };
		B186229F2762DFDA00D69B75 /* AppDelegate.swift in Sources */ = {isa = PBXBuildFile; fileRef = B186229E2762DFDA00D69B75 /* AppDelegate.swift */; };
		B18622A12762DFDA00D69B75 /* SceneDelegate.swift in Sources */ = {isa = PBXBuildFile; fileRef = B18622A02762DFDA00D69B75 /* SceneDelegate.swift */; };
		B18622A82762DFDB00D69B75 /* Assets.xcassets in Resources */ = {isa = PBXBuildFile; fileRef = B18622A72762DFDB00D69B75 /* Assets.xcassets */; };
		B18622AB2762DFDB00D69B75 /* LaunchScreen.storyboard in Resources */ = {isa = PBXBuildFile; fileRef = B18622A92762DFDB00D69B75 /* LaunchScreen.storyboard */; };
		B18622B62762E2C700D69B75 /* Orchestrator.swift in Sources */ = {isa = PBXBuildFile; fileRef = B18622B52762E2C700D69B75 /* Orchestrator.swift */; };
		B18622B82762E3F600D69B75 /* SignInViewController.swift in Sources */ = {isa = PBXBuildFile; fileRef = B18622B72762E3F600D69B75 /* SignInViewController.swift */; };
		B1CC7A09276585FF0094D6FF /* NomadCustomTextFieldStackView.swift in Sources */ = {isa = PBXBuildFile; fileRef = B1CC7A08276585FF0094D6FF /* NomadCustomTextFieldStackView.swift */; };
		B1CC7A0B27658CC70094D6FF /* CustomBaseViewLayout.swift in Sources */ = {isa = PBXBuildFile; fileRef = B1CC7A0A27658CC70094D6FF /* CustomBaseViewLayout.swift */; };
		B1CC7A262766DCDA0094D6FF /* String+Extensions.swift in Sources */ = {isa = PBXBuildFile; fileRef = B1CC7A252766DCDA0094D6FF /* String+Extensions.swift */; };
		B1CC7A282766DFB00094D6FF /* UIColor+Extension.swift in Sources */ = {isa = PBXBuildFile; fileRef = B1CC7A272766DFB00094D6FF /* UIColor+Extension.swift */; };
		B1CC7A2A2766ED340094D6FF /* CGFloat+Extension.swift in Sources */ = {isa = PBXBuildFile; fileRef = B1CC7A292766ED340094D6FF /* CGFloat+Extension.swift */; };
/* End PBXBuildFile section */

/* Begin PBXFileReference section */
		135631E0E00179B4ADC223CB /* Pods-NomadCloneApp.release.xcconfig */ = {isa = PBXFileReference; includeInIndex = 1; lastKnownFileType = text.xcconfig; name = "Pods-NomadCloneApp.release.xcconfig"; path = "Target Support Files/Pods-NomadCloneApp/Pods-NomadCloneApp.release.xcconfig"; sourceTree = "<group>"; };
		8213906397F78266515AA07A /* Pods-NomadCloneApp.debug.xcconfig */ = {isa = PBXFileReference; includeInIndex = 1; lastKnownFileType = text.xcconfig; name = "Pods-NomadCloneApp.debug.xcconfig"; path = "Target Support Files/Pods-NomadCloneApp/Pods-NomadCloneApp.debug.xcconfig"; sourceTree = "<group>"; };
		B131D39827682ADF00C1349E /* SignInViewModel.swift */ = {isa = PBXFileReference; lastKnownFileType = sourcecode.swift; path = SignInViewModel.swift; sourceTree = "<group>"; };
		B1360E78276ACD2B009E6242 /* OnboardingSplashView.swift */ = {isa = PBXFileReference; lastKnownFileType = sourcecode.swift; path = OnboardingSplashView.swift; sourceTree = "<group>"; };
		B1360E7A276AD39E009E6242 /* OnboardingModel.swift */ = {isa = PBXFileReference; lastKnownFileType = sourcecode.swift; path = OnboardingModel.swift; sourceTree = "<group>"; };
		B1360E7C276AD3B2009E6242 /* OnboardingViewModel.swift */ = {isa = PBXFileReference; lastKnownFileType = sourcecode.swift; path = OnboardingViewModel.swift; sourceTree = "<group>"; };
		B169D2CC276979F200393CFD /* OnboardingViewController.swift */ = {isa = PBXFileReference; lastKnownFileType = sourcecode.swift; path = OnboardingViewController.swift; sourceTree = "<group>"; };
		B169D2CE2769805400393CFD /* NMDPrimaryButton.swift */ = {isa = PBXFileReference; lastKnownFileType = sourcecode.swift; path = NMDPrimaryButton.swift; sourceTree = "<group>"; };
		B186229B2762DFDA00D69B75 /* NomadCloneApp.app */ = {isa = PBXFileReference; explicitFileType = wrapper.application; includeInIndex = 0; path = NomadCloneApp.app; sourceTree = BUILT_PRODUCTS_DIR; };
		B186229E2762DFDA00D69B75 /* AppDelegate.swift */ = {isa = PBXFileReference; lastKnownFileType = sourcecode.swift; path = AppDelegate.swift; sourceTree = "<group>"; };
		B18622A02762DFDA00D69B75 /* SceneDelegate.swift */ = {isa = PBXFileReference; lastKnownFileType = sourcecode.swift; path = SceneDelegate.swift; sourceTree = "<group>"; };
		B18622A72762DFDB00D69B75 /* Assets.xcassets */ = {isa = PBXFileReference; lastKnownFileType = folder.assetcatalog; path = Assets.xcassets; sourceTree = "<group>"; };
		B18622AA2762DFDB00D69B75 /* Base */ = {isa = PBXFileReference; lastKnownFileType = file.storyboard; name = Base; path = Base.lproj/LaunchScreen.storyboard; sourceTree = "<group>"; };
		B18622AC2762DFDB00D69B75 /* Info.plist */ = {isa = PBXFileReference; lastKnownFileType = text.plist.xml; path = Info.plist; sourceTree = "<group>"; };
		B18622B52762E2C700D69B75 /* Orchestrator.swift */ = {isa = PBXFileReference; lastKnownFileType = sourcecode.swift; path = Orchestrator.swift; sourceTree = "<group>"; };
		B18622B72762E3F600D69B75 /* SignInViewController.swift */ = {isa = PBXFileReference; lastKnownFileType = sourcecode.swift; path = SignInViewController.swift; sourceTree = "<group>"; };
		B1CC7A08276585FF0094D6FF /* NomadCustomTextFieldStackView.swift */ = {isa = PBXFileReference; lastKnownFileType = sourcecode.swift; path = NomadCustomTextFieldStackView.swift; sourceTree = "<group>"; };
		B1CC7A0A27658CC70094D6FF /* CustomBaseViewLayout.swift */ = {isa = PBXFileReference; lastKnownFileType = sourcecode.swift; path = CustomBaseViewLayout.swift; sourceTree = "<group>"; };
		B1CC7A252766DCDA0094D6FF /* String+Extensions.swift */ = {isa = PBXFileReference; lastKnownFileType = sourcecode.swift; path = "String+Extensions.swift"; sourceTree = "<group>"; };
		B1CC7A272766DFB00094D6FF /* UIColor+Extension.swift */ = {isa = PBXFileReference; lastKnownFileType = sourcecode.swift; path = "UIColor+Extension.swift"; sourceTree = "<group>"; };
		B1CC7A292766ED340094D6FF /* CGFloat+Extension.swift */ = {isa = PBXFileReference; lastKnownFileType = sourcecode.swift; path = "CGFloat+Extension.swift"; sourceTree = "<group>"; };
		C4936FDD30835BD078D66027 /* Pods_NomadCloneApp.framework */ = {isa = PBXFileReference; explicitFileType = wrapper.framework; includeInIndex = 0; path = Pods_NomadCloneApp.framework; sourceTree = BUILT_PRODUCTS_DIR; };
/* End PBXFileReference section */

/* Begin PBXFrameworksBuildPhase section */
		B18622982762DFDA00D69B75 /* Frameworks */ = {
			isa = PBXFrameworksBuildPhase;
			buildActionMask = 2147483647;
			files = (
				ABB0FA1B81BBAB0E9C2A8B4E /* Pods_NomadCloneApp.framework in Frameworks */,
			);
			runOnlyForDeploymentPostprocessing = 0;
		};
/* End PBXFrameworksBuildPhase section */

/* Begin PBXGroup section */
		4FA4EE6980933844756D98D0 /* Pods */ = {
			isa = PBXGroup;
			children = (
				8213906397F78266515AA07A /* Pods-NomadCloneApp.debug.xcconfig */,
				135631E0E00179B4ADC223CB /* Pods-NomadCloneApp.release.xcconfig */,
			);
			path = Pods;
			sourceTree = "<group>";
		};
		B131D39527682AAE00C1349E /* Models */ = {
			isa = PBXGroup;
			children = (
			);
			path = Models;
			sourceTree = "<group>";
		};
		B131D39627682AB400C1349E /* ViewModels */ = {
			isa = PBXGroup;
			children = (
				B131D39827682ADF00C1349E /* SignInViewModel.swift */,
			);
			path = ViewModels;
			sourceTree = "<group>";
		};
		B131D39727682AB900C1349E /* Views */ = {
			isa = PBXGroup;
			children = (
				B18622B72762E3F600D69B75 /* SignInViewController.swift */,
			);
			path = Views;
			sourceTree = "<group>";
		};
		B1360E77276ACD11009E6242 /* SubViews */ = {
			isa = PBXGroup;
			children = (
				B1360E78276ACD2B009E6242 /* OnboardingSplashView.swift */,
			);
			path = SubViews;
			sourceTree = "<group>";
		};
		B169D2C6276978EC00393CFD /* RegisterModule */ = {
			isa = PBXGroup;
			children = (
				B169D2C7276978FC00393CFD /* Onboarding */,
			);
			path = RegisterModule;
			sourceTree = "<group>";
		};
		B169D2C7276978FC00393CFD /* Onboarding */ = {
			isa = PBXGroup;
			children = (
				B169D2CB276979D800393CFD /* Views */,
				B169D2CA276979D400393CFD /* ViewModels */,
				B169D2C9276979D000393CFD /* Models */,
			);
			path = Onboarding;
			sourceTree = "<group>";
		};
		B169D2C9276979D000393CFD /* Models */ = {
			isa = PBXGroup;
			children = (
				B1360E7A276AD39E009E6242 /* OnboardingModel.swift */,
			);
			path = Models;
			sourceTree = "<group>";
		};
		B169D2CA276979D400393CFD /* ViewModels */ = {
			isa = PBXGroup;
			children = (
				B1360E7C276AD3B2009E6242 /* OnboardingViewModel.swift */,
			);
			path = ViewModels;
			sourceTree = "<group>";
		};
		B169D2CB276979D800393CFD /* Views */ = {
			isa = PBXGroup;
			children = (
				B169D2CC276979F200393CFD /* OnboardingViewController.swift */,
				B1360E77276ACD11009E6242 /* SubViews */,
			);
			path = Views;
			sourceTree = "<group>";
		};
		B18622922762DFDA00D69B75 = {
			isa = PBXGroup;
			children = (
				B186229D2762DFDA00D69B75 /* NomadCloneApp */,
				B186229C2762DFDA00D69B75 /* Products */,
				4FA4EE6980933844756D98D0 /* Pods */,
				F7AD710829D7D38FFDD54360 /* Frameworks */,
			);
			sourceTree = "<group>";
		};
		B186229C2762DFDA00D69B75 /* Products */ = {
			isa = PBXGroup;
			children = (
				B186229B2762DFDA00D69B75 /* NomadCloneApp.app */,
			);
			name = Products;
			sourceTree = "<group>";
		};
		B186229D2762DFDA00D69B75 /* NomadCloneApp */ = {
			isa = PBXGroup;
			children = (
				B18622B52762E2C700D69B75 /* Orchestrator.swift */,
				B1CC7A232766DC870094D6FF /* Utils */,
				B1CC7A07276585CE0094D6FF /* Commons */,
				B18622B32762E24B00D69B75 /* Scenes */,
				B18622B22762E07B00D69B75 /* Defaults */,
				B18622AC2762DFDB00D69B75 /* Info.plist */,
			);
			path = NomadCloneApp;
			sourceTree = "<group>";
		};
		B18622B22762E07B00D69B75 /* Defaults */ = {
			isa = PBXGroup;
			children = (
				B186229E2762DFDA00D69B75 /* AppDelegate.swift */,
				B18622A02762DFDA00D69B75 /* SceneDelegate.swift */,
				B18622A72762DFDB00D69B75 /* Assets.xcassets */,
				B18622A92762DFDB00D69B75 /* LaunchScreen.storyboard */,
			);
			path = Defaults;
			sourceTree = "<group>";
		};
		B18622B32762E24B00D69B75 /* Scenes */ = {
			isa = PBXGroup;
			children = (
				B169D2C6276978EC00393CFD /* RegisterModule */,
				B18622B42762E26900D69B75 /* SignIn */,
			);
			path = Scenes;
			sourceTree = "<group>";
		};
		B18622B42762E26900D69B75 /* SignIn */ = {
			isa = PBXGroup;
			children = (
				B131D39727682AB900C1349E /* Views */,
				B131D39627682AB400C1349E /* ViewModels */,
				B131D39527682AAE00C1349E /* Models */,
			);
			path = SignIn;
			sourceTree = "<group>";
		};
		B1CC7A07276585CE0094D6FF /* Commons */ = {
			isa = PBXGroup;
			children = (
				B1CC7A08276585FF0094D6FF /* NomadCustomTextFieldStackView.swift */,
				B1CC7A0A27658CC70094D6FF /* CustomBaseViewLayout.swift */,
				B169D2CE2769805400393CFD /* NMDPrimaryButton.swift */,
			);
			path = Commons;
			sourceTree = "<group>";
		};
		B1CC7A232766DC870094D6FF /* Utils */ = {
			isa = PBXGroup;
			children = (
				B1CC7A242766DC8E0094D6FF /* Class+Extensions */,
			);
			path = Utils;
			sourceTree = "<group>";
		};
		B1CC7A242766DC8E0094D6FF /* Class+Extensions */ = {
			isa = PBXGroup;
			children = (
				B1CC7A252766DCDA0094D6FF /* String+Extensions.swift */,
				B1CC7A292766ED340094D6FF /* CGFloat+Extension.swift */,
				B1CC7A272766DFB00094D6FF /* UIColor+Extension.swift */,
			);
			path = "Class+Extensions";
			sourceTree = "<group>";
		};
		F7AD710829D7D38FFDD54360 /* Frameworks */ = {
			isa = PBXGroup;
			children = (
				C4936FDD30835BD078D66027 /* Pods_NomadCloneApp.framework */,
			);
			name = Frameworks;
			sourceTree = "<group>";
		};
/* End PBXGroup section */

/* Begin PBXNativeTarget section */
		B186229A2762DFDA00D69B75 /* NomadCloneApp */ = {
			isa = PBXNativeTarget;
			buildConfigurationList = B18622AF2762DFDB00D69B75 /* Build configuration list for PBXNativeTarget "NomadCloneApp" */;
			buildPhases = (
				0E4022E1C05BD080AB691469 /* [CP] Check Pods Manifest.lock */,
				B18622972762DFDA00D69B75 /* Sources */,
				B18622982762DFDA00D69B75 /* Frameworks */,
				B18622992762DFDA00D69B75 /* Resources */,
				7007E0B6FA0CD9065CA96F1D /* [CP] Embed Pods Frameworks */,
			);
			buildRules = (
			);
			dependencies = (
			);
			name = NomadCloneApp;
			productName = NomadCloneApp;
			productReference = B186229B2762DFDA00D69B75 /* NomadCloneApp.app */;
			productType = "com.apple.product-type.application";
		};
/* End PBXNativeTarget section */

/* Begin PBXProject section */
		B18622932762DFDA00D69B75 /* Project object */ = {
			isa = PBXProject;
			attributes = {
				BuildIndependentTargetsInParallel = 1;
				LastSwiftUpdateCheck = 1310;
				LastUpgradeCheck = 1310;
				TargetAttributes = {
					B186229A2762DFDA00D69B75 = {
						CreatedOnToolsVersion = 13.1;
					};
				};
			};
			buildConfigurationList = B18622962762DFDA00D69B75 /* Build configuration list for PBXProject "NomadCloneApp" */;
			compatibilityVersion = "Xcode 13.0";
			developmentRegion = en;
			hasScannedForEncodings = 0;
			knownRegions = (
				en,
				Base,
			);
			mainGroup = B18622922762DFDA00D69B75;
			productRefGroup = B186229C2762DFDA00D69B75 /* Products */;
			projectDirPath = "";
			projectRoot = "";
			targets = (
				B186229A2762DFDA00D69B75 /* NomadCloneApp */,
			);
		};
/* End PBXProject section */

/* Begin PBXResourcesBuildPhase section */
		B18622992762DFDA00D69B75 /* Resources */ = {
			isa = PBXResourcesBuildPhase;
			buildActionMask = 2147483647;
			files = (
				B18622AB2762DFDB00D69B75 /* LaunchScreen.storyboard in Resources */,
				B18622A82762DFDB00D69B75 /* Assets.xcassets in Resources */,
			);
			runOnlyForDeploymentPostprocessing = 0;
		};
/* End PBXResourcesBuildPhase section */

/* Begin PBXShellScriptBuildPhase section */
		0E4022E1C05BD080AB691469 /* [CP] Check Pods Manifest.lock */ = {
			isa = PBXShellScriptBuildPhase;
			buildActionMask = 2147483647;
			files = (
			);
			inputFileListPaths = (
			);
			inputPaths = (
				"${PODS_PODFILE_DIR_PATH}/Podfile.lock",
				"${PODS_ROOT}/Manifest.lock",
			);
			name = "[CP] Check Pods Manifest.lock";
			outputFileListPaths = (
			);
			outputPaths = (
				"$(DERIVED_FILE_DIR)/Pods-NomadCloneApp-checkManifestLockResult.txt",
			);
			runOnlyForDeploymentPostprocessing = 0;
			shellPath = /bin/sh;
			shellScript = "diff \"${PODS_PODFILE_DIR_PATH}/Podfile.lock\" \"${PODS_ROOT}/Manifest.lock\" > /dev/null\nif [ $? != 0 ] ; then\n    # print error to STDERR\n    echo \"error: The sandbox is not in sync with the Podfile.lock. Run 'pod install' or update your CocoaPods installation.\" >&2\n    exit 1\nfi\n# This output is used by Xcode 'outputs' to avoid re-running this script phase.\necho \"SUCCESS\" > \"${SCRIPT_OUTPUT_FILE_0}\"\n";
			showEnvVarsInLog = 0;
		};
		7007E0B6FA0CD9065CA96F1D /* [CP] Embed Pods Frameworks */ = {
			isa = PBXShellScriptBuildPhase;
			buildActionMask = 2147483647;
			files = (
			);
			inputFileListPaths = (
				"${PODS_ROOT}/Target Support Files/Pods-NomadCloneApp/Pods-NomadCloneApp-frameworks-${CONFIGURATION}-input-files.xcfilelist",
			);
			name = "[CP] Embed Pods Frameworks";
			outputFileListPaths = (
				"${PODS_ROOT}/Target Support Files/Pods-NomadCloneApp/Pods-NomadCloneApp-frameworks-${CONFIGURATION}-output-files.xcfilelist",
			);
			runOnlyForDeploymentPostprocessing = 0;
			shellPath = /bin/sh;
			shellScript = "\"${PODS_ROOT}/Target Support Files/Pods-NomadCloneApp/Pods-NomadCloneApp-frameworks.sh\"\n";
			showEnvVarsInLog = 0;
		};
/* End PBXShellScriptBuildPhase section */

/* Begin PBXSourcesBuildPhase section */
		B18622972762DFDA00D69B75 /* Sources */ = {
			isa = PBXSourcesBuildPhase;
			buildActionMask = 2147483647;
			files = (
				B18622B82762E3F600D69B75 /* SignInViewController.swift in Sources */,
				B1CC7A262766DCDA0094D6FF /* String+Extensions.swift in Sources */,
				B186229F2762DFDA00D69B75 /* AppDelegate.swift in Sources */,
				B1CC7A0B27658CC70094D6FF /* CustomBaseViewLayout.swift in Sources */,
				B1360E7B276AD39E009E6242 /* OnboardingModel.swift in Sources */,
				B169D2CF2769805400393CFD /* NMDPrimaryButton.swift in Sources */,
				B131D39927682ADF00C1349E /* SignInViewModel.swift in Sources */,
				B1CC7A2A2766ED340094D6FF /* CGFloat+Extension.swift in Sources */,
				B18622B62762E2C700D69B75 /* Orchestrator.swift in Sources */,
				B1CC7A09276585FF0094D6FF /* NomadCustomTextFieldStackView.swift in Sources */,
				B1360E7D276AD3B2009E6242 /* OnboardingViewModel.swift in Sources */,
				B18622A12762DFDA00D69B75 /* SceneDelegate.swift in Sources */,
				B1360E79276ACD2B009E6242 /* OnboardingSplashView.swift in Sources */,
				B169D2CD276979F200393CFD /* OnboardingViewController.swift in Sources */,
				B1CC7A282766DFB00094D6FF /* UIColor+Extension.swift in Sources */,
			);
			runOnlyForDeploymentPostprocessing = 0;
		};
/* End PBXSourcesBuildPhase section */

/* Begin PBXVariantGroup section */
		B18622A92762DFDB00D69B75 /* LaunchScreen.storyboard */ = {
			isa = PBXVariantGroup;
			children = (
				B18622AA2762DFDB00D69B75 /* Base */,
			);
			name = LaunchScreen.storyboard;
			sourceTree = "<group>";
		};
/* End PBXVariantGroup section */

/* Begin XCBuildConfiguration section */
		B18622AD2762DFDB00D69B75 /* Debug */ = {
			isa = XCBuildConfiguration;
			buildSettings = {
				ALWAYS_SEARCH_USER_PATHS = NO;
				CLANG_ANALYZER_NONNULL = YES;
				CLANG_ANALYZER_NUMBER_OBJECT_CONVERSION = YES_AGGRESSIVE;
				CLANG_CXX_LANGUAGE_STANDARD = "gnu++17";
				CLANG_CXX_LIBRARY = "libc++";
				CLANG_ENABLE_MODULES = YES;
				CLANG_ENABLE_OBJC_ARC = YES;
				CLANG_ENABLE_OBJC_WEAK = YES;
				CLANG_WARN_BLOCK_CAPTURE_AUTORELEASING = YES;
				CLANG_WARN_BOOL_CONVERSION = YES;
				CLANG_WARN_COMMA = YES;
				CLANG_WARN_CONSTANT_CONVERSION = YES;
				CLANG_WARN_DEPRECATED_OBJC_IMPLEMENTATIONS = YES;
				CLANG_WARN_DIRECT_OBJC_ISA_USAGE = YES_ERROR;
				CLANG_WARN_DOCUMENTATION_COMMENTS = YES;
				CLANG_WARN_EMPTY_BODY = YES;
				CLANG_WARN_ENUM_CONVERSION = YES;
				CLANG_WARN_INFINITE_RECURSION = YES;
				CLANG_WARN_INT_CONVERSION = YES;
				CLANG_WARN_NON_LITERAL_NULL_CONVERSION = YES;
				CLANG_WARN_OBJC_IMPLICIT_RETAIN_SELF = YES;
				CLANG_WARN_OBJC_LITERAL_CONVERSION = YES;
				CLANG_WARN_OBJC_ROOT_CLASS = YES_ERROR;
				CLANG_WARN_QUOTED_INCLUDE_IN_FRAMEWORK_HEADER = YES;
				CLANG_WARN_RANGE_LOOP_ANALYSIS = YES;
				CLANG_WARN_STRICT_PROTOTYPES = YES;
				CLANG_WARN_SUSPICIOUS_MOVE = YES;
				CLANG_WARN_UNGUARDED_AVAILABILITY = YES_AGGRESSIVE;
				CLANG_WARN_UNREACHABLE_CODE = YES;
				CLANG_WARN__DUPLICATE_METHOD_MATCH = YES;
				COPY_PHASE_STRIP = NO;
				DEBUG_INFORMATION_FORMAT = dwarf;
				ENABLE_STRICT_OBJC_MSGSEND = YES;
				ENABLE_TESTABILITY = YES;
				GCC_C_LANGUAGE_STANDARD = gnu11;
				GCC_DYNAMIC_NO_PIC = NO;
				GCC_NO_COMMON_BLOCKS = YES;
				GCC_OPTIMIZATION_LEVEL = 0;
				GCC_PREPROCESSOR_DEFINITIONS = (
					"DEBUG=1",
					"$(inherited)",
				);
				GCC_WARN_64_TO_32_BIT_CONVERSION = YES;
				GCC_WARN_ABOUT_RETURN_TYPE = YES_ERROR;
				GCC_WARN_UNDECLARED_SELECTOR = YES;
				GCC_WARN_UNINITIALIZED_AUTOS = YES_AGGRESSIVE;
				GCC_WARN_UNUSED_FUNCTION = YES;
				GCC_WARN_UNUSED_VARIABLE = YES;
				IPHONEOS_DEPLOYMENT_TARGET = 15.0;
				MTL_ENABLE_DEBUG_INFO = INCLUDE_SOURCE;
				MTL_FAST_MATH = YES;
				ONLY_ACTIVE_ARCH = YES;
				SDKROOT = iphoneos;
				SWIFT_ACTIVE_COMPILATION_CONDITIONS = DEBUG;
				SWIFT_OPTIMIZATION_LEVEL = "-Onone";
			};
			name = Debug;
		};
		B18622AE2762DFDB00D69B75 /* Release */ = {
			isa = XCBuildConfiguration;
			buildSettings = {
				ALWAYS_SEARCH_USER_PATHS = NO;
				CLANG_ANALYZER_NONNULL = YES;
				CLANG_ANALYZER_NUMBER_OBJECT_CONVERSION = YES_AGGRESSIVE;
				CLANG_CXX_LANGUAGE_STANDARD = "gnu++17";
				CLANG_CXX_LIBRARY = "libc++";
				CLANG_ENABLE_MODULES = YES;
				CLANG_ENABLE_OBJC_ARC = YES;
				CLANG_ENABLE_OBJC_WEAK = YES;
				CLANG_WARN_BLOCK_CAPTURE_AUTORELEASING = YES;
				CLANG_WARN_BOOL_CONVERSION = YES;
				CLANG_WARN_COMMA = YES;
				CLANG_WARN_CONSTANT_CONVERSION = YES;
				CLANG_WARN_DEPRECATED_OBJC_IMPLEMENTATIONS = YES;
				CLANG_WARN_DIRECT_OBJC_ISA_USAGE = YES_ERROR;
				CLANG_WARN_DOCUMENTATION_COMMENTS = YES;
				CLANG_WARN_EMPTY_BODY = YES;
				CLANG_WARN_ENUM_CONVERSION = YES;
				CLANG_WARN_INFINITE_RECURSION = YES;
				CLANG_WARN_INT_CONVERSION = YES;
				CLANG_WARN_NON_LITERAL_NULL_CONVERSION = YES;
				CLANG_WARN_OBJC_IMPLICIT_RETAIN_SELF = YES;
				CLANG_WARN_OBJC_LITERAL_CONVERSION = YES;
				CLANG_WARN_OBJC_ROOT_CLASS = YES_ERROR;
				CLANG_WARN_QUOTED_INCLUDE_IN_FRAMEWORK_HEADER = YES;
				CLANG_WARN_RANGE_LOOP_ANALYSIS = YES;
				CLANG_WARN_STRICT_PROTOTYPES = YES;
				CLANG_WARN_SUSPICIOUS_MOVE = YES;
				CLANG_WARN_UNGUARDED_AVAILABILITY = YES_AGGRESSIVE;
				CLANG_WARN_UNREACHABLE_CODE = YES;
				CLANG_WARN__DUPLICATE_METHOD_MATCH = YES;
				COPY_PHASE_STRIP = NO;
				DEBUG_INFORMATION_FORMAT = "dwarf-with-dsym";
				ENABLE_NS_ASSERTIONS = NO;
				ENABLE_STRICT_OBJC_MSGSEND = YES;
				GCC_C_LANGUAGE_STANDARD = gnu11;
				GCC_NO_COMMON_BLOCKS = YES;
				GCC_WARN_64_TO_32_BIT_CONVERSION = YES;
				GCC_WARN_ABOUT_RETURN_TYPE = YES_ERROR;
				GCC_WARN_UNDECLARED_SELECTOR = YES;
				GCC_WARN_UNINITIALIZED_AUTOS = YES_AGGRESSIVE;
				GCC_WARN_UNUSED_FUNCTION = YES;
				GCC_WARN_UNUSED_VARIABLE = YES;
				IPHONEOS_DEPLOYMENT_TARGET = 15.0;
				MTL_ENABLE_DEBUG_INFO = NO;
				MTL_FAST_MATH = YES;
				SDKROOT = iphoneos;
				SWIFT_COMPILATION_MODE = wholemodule;
				SWIFT_OPTIMIZATION_LEVEL = "-O";
				VALIDATE_PRODUCT = YES;
			};
			name = Release;
		};
		B18622B02762DFDB00D69B75 /* Debug */ = {
			isa = XCBuildConfiguration;
			baseConfigurationReference = 8213906397F78266515AA07A /* Pods-NomadCloneApp.debug.xcconfig */;
			buildSettings = {
				ASSETCATALOG_COMPILER_APPICON_NAME = AppIcon;
				ASSETCATALOG_COMPILER_GLOBAL_ACCENT_COLOR_NAME = AccentColor;
				CODE_SIGN_STYLE = Automatic;
				CURRENT_PROJECT_VERSION = 1;
				DEVELOPMENT_TEAM = Y487CY958A;
				GENERATE_INFOPLIST_FILE = YES;
				INFOPLIST_FILE = NomadCloneApp/Info.plist;
				INFOPLIST_KEY_UIApplicationSupportsIndirectInputEvents = YES;
				INFOPLIST_KEY_UILaunchStoryboardName = LaunchScreen;
				INFOPLIST_KEY_UIMainStoryboardFile = LaunchScreen;
				INFOPLIST_KEY_UISupportedInterfaceOrientations_iPad = "UIInterfaceOrientationPortrait UIInterfaceOrientationPortraitUpsideDown UIInterfaceOrientationLandscapeLeft UIInterfaceOrientationLandscapeRight";
				INFOPLIST_KEY_UISupportedInterfaceOrientations_iPhone = "UIInterfaceOrientationPortrait UIInterfaceOrientationLandscapeLeft UIInterfaceOrientationLandscapeRight";
				LD_RUNPATH_SEARCH_PATHS = (
					"$(inherited)",
					"@executable_path/Frameworks",
				);
				MARKETING_VERSION = 1.0;
				PRODUCT_BUNDLE_IDENTIFIER = PaoloProdossimoLopes.NomadCloneApp;
				PRODUCT_NAME = "$(TARGET_NAME)";
				SWIFT_EMIT_LOC_STRINGS = YES;
				SWIFT_VERSION = 5.0;
				TARGETED_DEVICE_FAMILY = "1,2";
			};
			name = Debug;
		};
		B18622B12762DFDB00D69B75 /* Release */ = {
			isa = XCBuildConfiguration;
			baseConfigurationReference = 135631E0E00179B4ADC223CB /* Pods-NomadCloneApp.release.xcconfig */;
			buildSettings = {
				ASSETCATALOG_COMPILER_APPICON_NAME = AppIcon;
				ASSETCATALOG_COMPILER_GLOBAL_ACCENT_COLOR_NAME = AccentColor;
				CODE_SIGN_STYLE = Automatic;
				CURRENT_PROJECT_VERSION = 1;
				DEVELOPMENT_TEAM = Y487CY958A;
				GENERATE_INFOPLIST_FILE = YES;
				INFOPLIST_FILE = NomadCloneApp/Info.plist;
				INFOPLIST_KEY_UIApplicationSupportsIndirectInputEvents = YES;
				INFOPLIST_KEY_UILaunchStoryboardName = LaunchScreen;
				INFOPLIST_KEY_UIMainStoryboardFile = LaunchScreen;
				INFOPLIST_KEY_UISupportedInterfaceOrientations_iPad = "UIInterfaceOrientationPortrait UIInterfaceOrientationPortraitUpsideDown UIInterfaceOrientationLandscapeLeft UIInterfaceOrientationLandscapeRight";
				INFOPLIST_KEY_UISupportedInterfaceOrientations_iPhone = "UIInterfaceOrientationPortrait UIInterfaceOrientationLandscapeLeft UIInterfaceOrientationLandscapeRight";
				LD_RUNPATH_SEARCH_PATHS = (
					"$(inherited)",
					"@executable_path/Frameworks",
				);
				MARKETING_VERSION = 1.0;
				PRODUCT_BUNDLE_IDENTIFIER = PaoloProdossimoLopes.NomadCloneApp;
				PRODUCT_NAME = "$(TARGET_NAME)";
				SWIFT_EMIT_LOC_STRINGS = YES;
				SWIFT_VERSION = 5.0;
				TARGETED_DEVICE_FAMILY = "1,2";
			};
			name = Release;
		};
/* End XCBuildConfiguration section */

/* Begin XCConfigurationList section */
		B18622962762DFDA00D69B75 /* Build configuration list for PBXProject "NomadCloneApp" */ = {
			isa = XCConfigurationList;
			buildConfigurations = (
				B18622AD2762DFDB00D69B75 /* Debug */,
				B18622AE2762DFDB00D69B75 /* Release */,
			);
			defaultConfigurationIsVisible = 0;
			defaultConfigurationName = Release;
		};
		B18622AF2762DFDB00D69B75 /* Build configuration list for PBXNativeTarget "NomadCloneApp" */ = {
			isa = XCConfigurationList;
			buildConfigurations = (
				B18622B02762DFDB00D69B75 /* Debug */,
				B18622B12762DFDB00D69B75 /* Release */,
			);
			defaultConfigurationIsVisible = 0;
			defaultConfigurationName = Release;
		};
/* End XCConfigurationList section */
	};
	rootObject = B18622932762DFDA00D69B75 /* Project object */;
}
